
Microsoft Visual Studio Solution File, Format Version 12.00
# Visual Studio 15
VisualStudioVersion = 15.0.28010.2041
MinimumVisualStudioVersion = 10.0.40219.1
Project("{FAE04EC0-301F-11D3-BF4B-00C04F79EFBC}") = "MartinKMe", "MartinKMe\MartinKMe.csproj", "{A244324F-2B01-4F0F-A167-39CE88ECFC50}"
EndProject
Global
	GlobalSection(SolutionConfigurationPlatforms) = preSolution
		Debug|Any CPU = Debug|Any CPU
		Release|Any CPU = Release|Any CPU
	EndGlobalSection
	GlobalSection(ProjectConfigurationPlatforms) = postSolution
		{A244324F-2B01-4F0F-A167-39CE88ECFC50}.Debug|Any CPU.ActiveCfg = Debug|Any CPU
		{A244324F-2B01-4F0F-A167-39CE88ECFC50}.Debug|Any CPU.Build.0 = Debug|Any CPU
		{A244324F-2B01-4F0F-A167-39CE88ECFC50}.Release|Any CPU.ActiveCfg = Release|Any CPU
		{A244324F-2B01-4F0F-A167-39CE88ECFC50}.Release|Any CPU.Build.0 = Release|Any CPU
	EndGlobalSection
	GlobalSection(SolutionProperties) = preSolution
		HideSolutionNode = FALSE
	EndGlobalSection
	GlobalSection(ExtensibilityGlobals) = postSolution
		SolutionGuid = {81A2966B-59AD-47A8-A8C5-559C07F2DE7B}
	EndGlobalSection
EndGlobal
