
Microsoft Visual Studio Solution File, Format Version 12.00
# Visual Studio 15
VisualStudioVersion = 15.0.27004.2010
MinimumVisualStudioVersion = 10.0.40219.1
Project("{FAE04EC0-301F-11D3-BF4B-00C04F79EFBC}") = "EvangelistSite", "EvangelistSite\EvangelistSite.csproj", "{765B74F3-A0B2-4FCD-A69C-EB11C19A883E}"
EndProject
Global
	GlobalSection(SolutionConfigurationPlatforms) = preSolution
		Debug|Any CPU = Debug|Any CPU
		Release|Any CPU = Release|Any CPU
	EndGlobalSection
	GlobalSection(ProjectConfigurationPlatforms) = postSolution
		{765B74F3-A0B2-4FCD-A69C-EB11C19A883E}.Debug|Any CPU.ActiveCfg = Debug|Any CPU
		{765B74F3-A0B2-4FCD-A69C-EB11C19A883E}.Debug|Any CPU.Build.0 = Debug|Any CPU
		{765B74F3-A0B2-4FCD-A69C-EB11C19A883E}.Release|Any CPU.ActiveCfg = Release|Any CPU
		{765B74F3-A0B2-4FCD-A69C-EB11C19A883E}.Release|Any CPU.Build.0 = Release|Any CPU
	EndGlobalSection
	GlobalSection(SolutionProperties) = preSolution
		HideSolutionNode = FALSE
	EndGlobalSection
	GlobalSection(ExtensibilityGlobals) = postSolution
		SolutionGuid = {12B36F9D-E664-4FD9-A59C-13508335D7EF}
	EndGlobalSection
EndGlobal
